
Microsoft Visual Studio Solution File, Format Version 12.00
Project("{FAE04EC0-301F-11D3-BF4B-00C04F79EFBC}") = "ElvinApp", "ElvinApp\ElvinApp.csproj", "{2B190E2F-FAA0-458D-803F-F1FC57C12658}"
EndProject
Global
	GlobalSection(SolutionConfigurationPlatforms) = preSolution
		Debug|Any CPU = Debug|Any CPU
		Release|Any CPU = Release|Any CPU
	EndGlobalSection
	GlobalSection(ProjectConfigurationPlatforms) = postSolution
		{2B190E2F-FAA0-458D-803F-F1FC57C12658}.Debug|Any CPU.ActiveCfg = Debug|Any CPU
		{2B190E2F-FAA0-458D-803F-F1FC57C12658}.Debug|Any CPU.Build.0 = Debug|Any CPU
		{2B190E2F-FAA0-458D-803F-F1FC57C12658}.Release|Any CPU.ActiveCfg = Release|Any CPU
		{2B190E2F-FAA0-458D-803F-F1FC57C12658}.Release|Any CPU.Build.0 = Release|Any CPU
	EndGlobalSection
EndGlobal
